
Microsoft Visual Studio Solution File, Format Version 12.00
# Visual Studio Version 17
VisualStudioVersion = 17.7.34221.43
MinimumVisualStudioVersion = 10.0.40219.1
Project("{FAE04EC0-301F-11D3-BF4B-00C04F79EFBC}") = "WebBanHangOnline", "WebBanHangOnline\WebBanHangOnline.csproj", "{061806C0-27BF-41D1-8441-5DCA49970300}"
EndProject
Global
	GlobalSection(SolutionConfigurationPlatforms) = preSolution
		Debug|Any CPU = Debug|Any CPU
		Release|Any CPU = Release|Any CPU
	EndGlobalSection
	GlobalSection(ProjectConfigurationPlatforms) = postSolution
		{061806C0-27BF-41D1-8441-5DCA49970300}.Debug|Any CPU.ActiveCfg = Debug|Any CPU
		{061806C0-27BF-41D1-8441-5DCA49970300}.Debug|Any CPU.Build.0 = Debug|Any CPU
		{061806C0-27BF-41D1-8441-5DCA49970300}.Release|Any CPU.ActiveCfg = Release|Any CPU
		{061806C0-27BF-41D1-8441-5DCA49970300}.Release|Any CPU.Build.0 = Release|Any CPU
	EndGlobalSection
	GlobalSection(SolutionProperties) = preSolution
		HideSolutionNode = FALSE
	EndGlobalSection
	GlobalSection(ExtensibilityGlobals) = postSolution
		SolutionGuid = {E3910ACE-97F0-4118-B417-C4E19A073B51}
	EndGlobalSection
EndGlobal
